
Microsoft Visual Studio Solution File, Format Version 12.00
# Visual Studio Version 17
VisualStudioVersion = 17.14.36121.58
MinimumVisualStudioVersion = 10.0.40219.1
Project("{FAE04EC0-301F-11D3-BF4B-00C04F79EFBC}") = "Bulky.DataAccess", "Bulky.DataAccess\Bulky.DataAccess.csproj", "{379287D6-1AD7-4D3C-838E-D064B085114B}"
EndProject
Project("{FAE04EC0-301F-11D3-BF4B-00C04F79EFBC}") = "Bulky.Models", "Bulky.Models\Bulky.Models.csproj", "{A3740C91-8DB7-4749-96E9-C3C8B47E6DFE}"
EndProject
Project("{FAE04EC0-301F-11D3-BF4B-00C04F79EFBC}") = "Bulky.Utility", "Bulky.Utility\Bulky.Utility.csproj", "{DDA3B8E6-80BD-486B-892A-14A7E0852CB7}"
EndProject
Global
	GlobalSection(SolutionConfigurationPlatforms) = preSolution
		Debug|Any CPU = Debug|Any CPU
		Release|Any CPU = Release|Any CPU
	EndGlobalSection
	GlobalSection(ProjectConfigurationPlatforms) = postSolution
		{379287D6-1AD7-4D3C-838E-D064B085114B}.Debug|Any CPU.ActiveCfg = Debug|Any CPU
		{379287D6-1AD7-4D3C-838E-D064B085114B}.Debug|Any CPU.Build.0 = Debug|Any CPU
		{379287D6-1AD7-4D3C-838E-D064B085114B}.Release|Any CPU.ActiveCfg = Release|Any CPU
		{379287D6-1AD7-4D3C-838E-D064B085114B}.Release|Any CPU.Build.0 = Release|Any CPU
		{A3740C91-8DB7-4749-96E9-C3C8B47E6DFE}.Debug|Any CPU.ActiveCfg = Debug|Any CPU
		{A3740C91-8DB7-4749-96E9-C3C8B47E6DFE}.Debug|Any CPU.Build.0 = Debug|Any CPU
		{A3740C91-8DB7-4749-96E9-C3C8B47E6DFE}.Release|Any CPU.ActiveCfg = Release|Any CPU
		{A3740C91-8DB7-4749-96E9-C3C8B47E6DFE}.Release|Any CPU.Build.0 = Release|Any CPU
		{DDA3B8E6-80BD-486B-892A-14A7E0852CB7}.Debug|Any CPU.ActiveCfg = Debug|Any CPU
		{DDA3B8E6-80BD-486B-892A-14A7E0852CB7}.Debug|Any CPU.Build.0 = Debug|Any CPU
		{DDA3B8E6-80BD-486B-892A-14A7E0852CB7}.Release|Any CPU.ActiveCfg = Release|Any CPU
		{DDA3B8E6-80BD-486B-892A-14A7E0852CB7}.Release|Any CPU.Build.0 = Release|Any CPU
	EndGlobalSection
	GlobalSection(SolutionProperties) = preSolution
		HideSolutionNode = FALSE
	EndGlobalSection
	GlobalSection(ExtensibilityGlobals) = postSolution
		SolutionGuid = {B243E3D8-C8A0-4F12-A30A-BCEC6CD6B995}
	EndGlobalSection
EndGlobal
